Microsoft Visual Studio Solution File, Format Version 12.00
# Visual Studio Version 17
VisualStudioVersion = 17.8.34322.80
MinimumVisualStudioVersion = 10.0.40219.1
Project("{9A19103F-16F7-4668-BE54-9A1E7A4F7556}") = "Stardew Valley", "Stardew Valley\Stardew Valley.csproj", "{BCD70D84-FDF8-4F28-88B5-F5531F92C639}"
EndProject
Project("{9A19103F-16F7-4668-BE54-9A1E7A4F7556}") = "StardewValley.GameData", "StardewValley.GameData\StardewValley.GameData.csproj", "{8ED4BFE4-7031-425B-A953-E91C870C9B72}"
EndProject
Global
	GlobalSection(SolutionConfigurationPlatforms) = preSolution
		Debug|AnyCPU = Debug|AnyCPU
		Debug|x64 = Debug|x64
		Release|AnyCPU = Release|AnyCPU
		Release|x64 = Release|x64
	EndGlobalSection
	GlobalSection(ProjectConfigurationPlatforms) = postSolution
		{BCD70D84-FDF8-4F28-88B5-F5531F92C639}.Debug|AnyCPU.ActiveCfg = Debug|x64
		{BCD70D84-FDF8-4F28-88B5-F5531F92C639}.Debug|x64.ActiveCfg = Debug|x64
		{BCD70D84-FDF8-4F28-88B5-F5531F92C639}.Debug|x64.Build.0 = Debug|x64
		{BCD70D84-FDF8-4F28-88B5-F5531F92C639}.Release|AnyCPU.ActiveCfg = Release|x64
		{BCD70D84-FDF8-4F28-88B5-F5531F92C639}.Release|AnyCPU.Build.0 = Release|x64
		{BCD70D84-FDF8-4F28-88B5-F5531F92C639}.Release|x64.ActiveCfg = Release|x64
		{BCD70D84-FDF8-4F28-88B5-F5531F92C639}.Release|x64.Build.0 = Release|x64
		{8ED4BFE4-7031-425B-A953-E91C870C9B72}.Debug|AnyCPU.ActiveCfg = Debug|AnyCPU
		{8ED4BFE4-7031-425B-A953-E91C870C9B72}.Debug|x64.ActiveCfg = Debug|AnyCPU
		{8ED4BFE4-7031-425B-A953-E91C870C9B72}.Debug|x64.Build.0 = Debug|AnyCPU
		{8ED4BFE4-7031-425B-A953-E91C870C9B72}.Release|AnyCPU.ActiveCfg = Release|AnyCPU
		{8ED4BFE4-7031-425B-A953-E91C870C9B72}.Release|AnyCPU.Build.0 = Release|AnyCPU
		{8ED4BFE4-7031-425B-A953-E91C870C9B72}.Release|x64.ActiveCfg = Release|AnyCPU
		{8ED4BFE4-7031-425B-A953-E91C870C9B72}.Release|x64.Build.0 = Release|AnyCPU
	EndGlobalSection
	GlobalSection(SolutionProperties) = preSolution
		HideSolutionNode = FALSE
	EndGlobalSection
	GlobalSection(ExtensibilityGlobals) = postSolution
		SolutionGuid = {261C3635-A6D7-4D7B-B34A-B453DABCA077}
	EndGlobalSection
EndGlobal
