Microsoft Visual Studio Solution File, Format Version 12.00
# Visual Studio 14
VisualStudioVersion = 14.0.24720.0
MinimumVisualStudioVersion = 10.0.40219.1
Project("{FAE04EC0-301F-11D3-BF4B-00C04F79EFBC}") = "Stardew Valley", "Stardew Valley\Stardew Valley.csproj", "{4E9C7AD4-B8DE-4067-A748-4BDC0DEF9D36}"
EndProject
Project("{FAE04EC0-301F-11D3-BF4B-00C04F79EFBC}") = "StardewValley.GameData", "StardewValley.GameData\StardewValley.GameData.csproj", "{AEFA81EF-5ED7-4E49-A795-F49E61690530}"
EndProject
Global
	GlobalSection(SolutionConfigurationPlatforms) = preSolution
		Debug|AnyCPU = Debug|AnyCPU
		Debug|x64 = Debug|x64
		Release|AnyCPU = Release|AnyCPU
		Release|x64 = Release|x64
	EndGlobalSection
	GlobalSection(ProjectConfigurationPlatforms) = postSolution
		{4E9C7AD4-B8DE-4067-A748-4BDC0DEF9D36}.Debug|AnyCPU.ActiveCfg = Debug|x64
		{4E9C7AD4-B8DE-4067-A748-4BDC0DEF9D36}.Debug|AnyCPU.Build.0 = Debug|x64
		{4E9C7AD4-B8DE-4067-A748-4BDC0DEF9D36}.Debug|x64.ActiveCfg = Debug|x64
		{4E9C7AD4-B8DE-4067-A748-4BDC0DEF9D36}.Debug|x64.Build.0 = Debug|x64
		{4E9C7AD4-B8DE-4067-A748-4BDC0DEF9D36}.Release|AnyCPU.ActiveCfg = Release|x64
		{4E9C7AD4-B8DE-4067-A748-4BDC0DEF9D36}.Release|AnyCPU.Build.0 = Release|x64
		{4E9C7AD4-B8DE-4067-A748-4BDC0DEF9D36}.Release|x64.ActiveCfg = Release|x64
		{4E9C7AD4-B8DE-4067-A748-4BDC0DEF9D36}.Release|x64.Build.0 = Release|x64
		{AEFA81EF-5ED7-4E49-A795-F49E61690530}.Debug|AnyCPU.ActiveCfg = Debug|AnyCPU
		{AEFA81EF-5ED7-4E49-A795-F49E61690530}.Debug|AnyCPU.Build.0 = Debug|AnyCPU
		{AEFA81EF-5ED7-4E49-A795-F49E61690530}.Debug|x64.ActiveCfg = Debug|AnyCPU
		{AEFA81EF-5ED7-4E49-A795-F49E61690530}.Debug|x64.Build.0 = Debug|AnyCPU
		{AEFA81EF-5ED7-4E49-A795-F49E61690530}.Release|AnyCPU.ActiveCfg = Release|AnyCPU
		{AEFA81EF-5ED7-4E49-A795-F49E61690530}.Release|AnyCPU.Build.0 = Release|AnyCPU
		{AEFA81EF-5ED7-4E49-A795-F49E61690530}.Release|x64.ActiveCfg = Release|AnyCPU
		{AEFA81EF-5ED7-4E49-A795-F49E61690530}.Release|x64.Build.0 = Release|AnyCPU
	EndGlobalSection
	GlobalSection(SolutionProperties) = preSolution
		HideSolutionNode = FALSE
	EndGlobalSection
EndGlobal
